
Microsoft Visual Studio Solution File, Format Version 12.00
# Visual Studio 15
VisualStudioVersion = 15.0.27004.2005
MinimumVisualStudioVersion = 10.0.40219.1
Project("{9A19103F-16F7-4668-BE54-9A1E7A4F7556}") = "Backend", "Backend\Backend.csproj", "{443A597C-1F0C-402A-AF68-13C53A003438}"
EndProject
Project("{E53339B2-1760-4266-BCC7-CA923CBCF16C}") = "docker-compose", "docker-compose.dcproj", "{24445447-7B9D-4210-BDB0-E4DC56EC2C2D}"
EndProject
Project("{FAE04EC0-301F-11D3-BF4B-00C04F79EFBC}") = "Models", "..\Models\Models.csproj", "{B8B568FB-7771-4069-AA39-67F52BC6B796}"
EndProject
Project("{FAE04EC0-301F-11D3-BF4B-00C04F79EFBC}") = "Models.Tests", "Models.Tests\Models.Tests.csproj", "{67CD63FC-FAED-43C4-A7C7-7CC816943F75}"
EndProject
Global
	GlobalSection(SolutionConfigurationPlatforms) = preSolution
		Debug|Any CPU = Debug|Any CPU
		Release|Any CPU = Release|Any CPU
	EndGlobalSection
	GlobalSection(ProjectConfigurationPlatforms) = postSolution
		{443A597C-1F0C-402A-AF68-13C53A003438}.Debug|Any CPU.ActiveCfg = Debug|Any CPU
		{443A597C-1F0C-402A-AF68-13C53A003438}.Debug|Any CPU.Build.0 = Debug|Any CPU
		{443A597C-1F0C-402A-AF68-13C53A003438}.Release|Any CPU.ActiveCfg = Release|Any CPU
		{443A597C-1F0C-402A-AF68-13C53A003438}.Release|Any CPU.Build.0 = Release|Any CPU
		{24445447-7B9D-4210-BDB0-E4DC56EC2C2D}.Debug|Any CPU.ActiveCfg = Debug|Any CPU
		{24445447-7B9D-4210-BDB0-E4DC56EC2C2D}.Debug|Any CPU.Build.0 = Debug|Any CPU
		{24445447-7B9D-4210-BDB0-E4DC56EC2C2D}.Release|Any CPU.ActiveCfg = Release|Any CPU
		{24445447-7B9D-4210-BDB0-E4DC56EC2C2D}.Release|Any CPU.Build.0 = Release|Any CPU
		{B8B568FB-7771-4069-AA39-67F52BC6B796}.Debug|Any CPU.ActiveCfg = Debug|Any CPU
		{B8B568FB-7771-4069-AA39-67F52BC6B796}.Debug|Any CPU.Build.0 = Debug|Any CPU
		{B8B568FB-7771-4069-AA39-67F52BC6B796}.Release|Any CPU.ActiveCfg = Release|Any CPU
		{B8B568FB-7771-4069-AA39-67F52BC6B796}.Release|Any CPU.Build.0 = Release|Any CPU
		{67CD63FC-FAED-43C4-A7C7-7CC816943F75}.Debug|Any CPU.ActiveCfg = Debug|Any CPU
		{67CD63FC-FAED-43C4-A7C7-7CC816943F75}.Debug|Any CPU.Build.0 = Debug|Any CPU
		{67CD63FC-FAED-43C4-A7C7-7CC816943F75}.Release|Any CPU.ActiveCfg = Release|Any CPU
		{67CD63FC-FAED-43C4-A7C7-7CC816943F75}.Release|Any CPU.Build.0 = Release|Any CPU
	EndGlobalSection
	GlobalSection(SolutionProperties) = preSolution
		HideSolutionNode = FALSE
	EndGlobalSection
	GlobalSection(ExtensibilityGlobals) = postSolution
		SolutionGuid = {0F4C22C5-BB3C-4888-9BBB-BB27439AF56D}
	EndGlobalSection
EndGlobal
